{
  "nodes": {
    "fetchurl-sources": {
      "flake": false,
      "locked": {
        "path": "./consumer-overridable/fetchurl-sources.nix",
        "type": "path"
      },
      "original": {
        "path": "./consumer-overridable/fetchurl-sources.nix",
        "type": "path"
      },
      "parent": [
        "xlibre-overlay"
      ]
    },
    "flake-parts": {
      "inputs": {
        "nixpkgs-lib": "nixpkgs-lib"
      },
      "locked": {
        "lastModified": 1762980239,
        "narHash": "sha256-8oNVE8TrD19ulHinjaqONf9QWCKK+w4url56cdStMpM=",
        "owner": "hercules-ci",
        "repo": "flake-parts",
        "rev": "52a2caecc898d0b46b2b905f058ccc5081f842da",
        "type": "github"
      },
      "original": {
        "owner": "hercules-ci",
        "repo": "flake-parts",
        "type": "github"
      }
    },
    "nixpkgs": {
      "locked": {
        "lastModified": 1766473571,
        "narHash": "sha256-5G1NDO2PulBx1RoaA6U1YoUDX0qZslpPxv+n5GX6Qto=",
        "owner": "nixos",
        "repo": "nixpkgs",
        "rev": "76701a179d3a98b07653e2b0409847499b2a07d3",
        "type": "github"
      },
      "original": {
        "owner": "nixos",
        "ref": "nixos-25.11",
        "repo": "nixpkgs",
        "type": "github"
      }
    },
    "nixpkgs-lib": {
      "locked": {
        "lastModified": 1761765539,
        "narHash": "sha256-b0yj6kfvO8ApcSE+QmA6mUfu8IYG6/uU28OFn4PaC8M=",
        "owner": "nix-community",
        "repo": "nixpkgs.lib",
        "rev": "719359f4562934ae99f5443f20aa06c2ffff91fc",
        "type": "github"
      },
      "original": {
        "owner": "nix-community",
        "repo": "nixpkgs.lib",
        "type": "github"
      }
    },
    "nixpkgs-unstable": {
      "locked": {
        "lastModified": 1766309749,
        "narHash": "sha256-3xY8CZ4rSnQ0NqGhMKAy5vgC+2IVK0NoVEzDoOh4DA4=",
        "owner": "NixOS",
        "repo": "nixpkgs",
        "rev": "a6531044f6d0bef691ea18d4d4ce44d0daa6e816",
        "type": "github"
      },
      "original": {
        "owner": "NixOS",
        "ref": "nixos-unstable",
        "repo": "nixpkgs",
        "type": "github"
      }
    },
    "nixpkgs_2": {
      "locked": {
        "lastModified": 1763421233,
        "narHash": "sha256-Stk9ZYRkGrnnpyJ4eqt9eQtdFWRRIvMxpNRf4sIegnw=",
        "owner": "NixOS",
        "repo": "nixpkgs",
        "rev": "89c2b2330e733d6cdb5eae7b899326930c2c0648",
        "type": "github"
      },
      "original": {
        "owner": "NixOS",
        "ref": "nixos-unstable",
        "repo": "nixpkgs",
        "type": "github"
      }
    },
    "root": {
      "inputs": {
        "nixpkgs": "nixpkgs",
        "nixpkgs-unstable": "nixpkgs-unstable",
        "xlibre-overlay": "xlibre-overlay"
      }
    },
    "systems": {
      "flake": false,
      "locked": {
        "path": "./systems.nix",
        "type": "path"
      },
      "original": {
        "path": "./systems.nix",
        "type": "path"
      },
      "parent": [
        "xlibre-overlay"
      ]
    },
    "xlibre-drivers-overlay-choice": {
      "flake": false,
      "locked": {
        "path": "./consumer-overridable/drivers-overlay-choice.nix",
        "type": "path"
      },
      "original": {
        "path": "./consumer-overridable/drivers-overlay-choice.nix",
        "type": "path"
      },
      "parent": [
        "xlibre-overlay"
      ]
    },
    "xlibre-overlay": {
      "inputs": {
        "fetchurl-sources": "fetchurl-sources",
        "flake-parts": "flake-parts",
        "nixpkgs": "nixpkgs_2",
        "systems": "systems",
        "xlibre-drivers-overlay-choice": "xlibre-drivers-overlay-choice",
        "xserver-meson-flags": "xserver-meson-flags"
      },
      "locked": {
        "lastModified": 1766204441,
        "narHash": "sha256-CKoWqMDv7O81q6v6RTUGfMilx5aulOCw+HHdtkJM1qc=",
        "ref": "refs/heads/main",
        "rev": "bb35b081bb7256cbafb1c53c911985d86f51da04",
        "revCount": 140,
        "type": "git",
        "url": "https://codeberg.org/takagemacoed/xlibre-overlay"
      },
      "original": {
        "type": "git",
        "url": "https://codeberg.org/takagemacoed/xlibre-overlay"
      }
    },
    "xserver-meson-flags": {
      "flake": false,
      "locked": {
        "path": "./consumer-overridable/xserver-meson-flags.nix",
        "type": "path"
      },
      "original": {
        "path": "./consumer-overridable/xserver-meson-flags.nix",
        "type": "path"
      },
      "parent": [
        "xlibre-overlay"
      ]
    }
  },
  "root": "root",
  "version": 7
}
